
Microsoft Visual Studio Solution File, Format Version 12.00
# Visual Studio Version 16
VisualStudioVersion = 25.0.1704.0
MinimumVisualStudioVersion = 10.0.40219.1
Project("{FAE04EC0-301F-11D3-BF4B-00C04F79EFBC}") = "PantryPal.Core", "PantryPal.Core.csproj", "{1807D0EA-FABA-468D-996C-97E7F892D86E}"
EndProject
Global
	GlobalSection(SolutionConfigurationPlatforms) = preSolution
		Debug|Any CPU = Debug|Any CPU
		Release|Any CPU = Release|Any CPU
	EndGlobalSection
	GlobalSection(ProjectConfigurationPlatforms) = postSolution
		{1807D0EA-FABA-468D-996C-97E7F892D86E}.Debug|Any CPU.ActiveCfg = Debug|Any CPU
		{1807D0EA-FABA-468D-996C-97E7F892D86E}.Debug|Any CPU.Build.0 = Debug|Any CPU
		{1807D0EA-FABA-468D-996C-97E7F892D86E}.Release|Any CPU.ActiveCfg = Release|Any CPU
		{1807D0EA-FABA-468D-996C-97E7F892D86E}.Release|Any CPU.Build.0 = Release|Any CPU
	EndGlobalSection
	GlobalSection(SolutionProperties) = preSolution
		HideSolutionNode = FALSE
	EndGlobalSection
	GlobalSection(ExtensibilityGlobals) = postSolution
		SolutionGuid = {06208870-405F-4DA8-A888-A46424FBB697}
	EndGlobalSection
EndGlobal
