
Microsoft Visual Studio Solution File, Format Version 12.00
# Visual Studio Version 16
VisualStudioVersion = 25.0.1704.0
MinimumVisualStudioVersion = 10.0.40219.1
Project("{FAE04EC0-301F-11D3-BF4B-00C04F79EFBC}") = "PantryPal.Core", "PantryPal.Core\PantryPal.Core.csproj", "{95CCAB26-0A55-439F-A62A-5ADAC547E93F}"
EndProject
Project("{FAE04EC0-301F-11D3-BF4B-00C04F79EFBC}") = "PantryPal.Business", "PantryPal.Business\PantryPal.Business.csproj", "{ADE9158B-6216-495F-945C-4A4FC7C50DA5}"
EndProject
Project("{FAE04EC0-301F-11D3-BF4B-00C04F79EFBC}") = "PantryPal.Data", "PantryPal.Data\PantryPal.Data.csproj", "{07D6C0CC-8E6F-40FE-ADBF-B3A5BBC3229D}"
EndProject
Global
	GlobalSection(SolutionConfigurationPlatforms) = preSolution
		Debug|Any CPU = Debug|Any CPU
		Release|Any CPU = Release|Any CPU
	EndGlobalSection
	GlobalSection(ProjectConfigurationPlatforms) = postSolution
		{95CCAB26-0A55-439F-A62A-5ADAC547E93F}.Debug|Any CPU.ActiveCfg = Debug|Any CPU
		{95CCAB26-0A55-439F-A62A-5ADAC547E93F}.Debug|Any CPU.Build.0 = Debug|Any CPU
		{95CCAB26-0A55-439F-A62A-5ADAC547E93F}.Release|Any CPU.ActiveCfg = Release|Any CPU
		{95CCAB26-0A55-439F-A62A-5ADAC547E93F}.Release|Any CPU.Build.0 = Release|Any CPU
		{ADE9158B-6216-495F-945C-4A4FC7C50DA5}.Debug|Any CPU.ActiveCfg = Debug|Any CPU
		{ADE9158B-6216-495F-945C-4A4FC7C50DA5}.Debug|Any CPU.Build.0 = Debug|Any CPU
		{ADE9158B-6216-495F-945C-4A4FC7C50DA5}.Release|Any CPU.ActiveCfg = Release|Any CPU
		{ADE9158B-6216-495F-945C-4A4FC7C50DA5}.Release|Any CPU.Build.0 = Release|Any CPU
		{07D6C0CC-8E6F-40FE-ADBF-B3A5BBC3229D}.Debug|Any CPU.ActiveCfg = Debug|Any CPU
		{07D6C0CC-8E6F-40FE-ADBF-B3A5BBC3229D}.Debug|Any CPU.Build.0 = Debug|Any CPU
		{07D6C0CC-8E6F-40FE-ADBF-B3A5BBC3229D}.Release|Any CPU.ActiveCfg = Release|Any CPU
		{07D6C0CC-8E6F-40FE-ADBF-B3A5BBC3229D}.Release|Any CPU.Build.0 = Release|Any CPU
	EndGlobalSection
	GlobalSection(SolutionProperties) = preSolution
		HideSolutionNode = FALSE
	EndGlobalSection
	GlobalSection(ExtensibilityGlobals) = postSolution
		SolutionGuid = {0021F37D-CB40-4421-AED2-12B1B849C058}
	EndGlobalSection
EndGlobal
